
Microsoft Visual Studio Solution File, Format Version 12.00
# Visual Studio Version 16
VisualStudioVersion = 16.0.30406.217
MinimumVisualStudioVersion = 10.0.40219.1
Project("{FAE04EC0-301F-11D3-BF4B-00C04F79EFBC}") = "Youtube-Viewers", "Youtube-Viewers\Youtube-Viewers.csproj", "{2F517934-FE74-4259-8F13-5B81A2428897}"
EndProject
Global
	GlobalSection(SolutionConfigurationPlatforms) = preSolution
		Debug|Any CPU = Debug|Any CPU
		Release|Any CPU = Release|Any CPU
	EndGlobalSection
	GlobalSection(ProjectConfigurationPlatforms) = postSolution
		{2F517934-FE74-4259-8F13-5B81A2428897}.Debug|Any CPU.ActiveCfg = Debug|Any CPU
		{2F517934-FE74-4259-8F13-5B81A2428897}.Debug|Any CPU.Build.0 = Debug|Any CPU
		{2F517934-FE74-4259-8F13-5B81A2428897}.Release|Any CPU.ActiveCfg = Release|Any CPU
		{2F517934-FE74-4259-8F13-5B81A2428897}.Release|Any CPU.Build.0 = Release|Any CPU
	EndGlobalSection
	GlobalSection(SolutionProperties) = preSolution
		HideSolutionNode = FALSE
	EndGlobalSection
	GlobalSection(ExtensibilityGlobals) = postSolution
		SolutionGuid = {102EE41A-B6A7-4093-8194-8030E0CE0702}
	EndGlobalSection
EndGlobal
